<Solution>
  <Folder Name="/Solution Items/">
    <File Path="AGENTS.md" />
    <File Path="GETTING_STARTED.md" />
    <File Path="LICENSE" />
    <File Path="README.md" />
  </Folder>
  <Folder Name="/src/">
    <Project Path="src/Hymnal.Core/Hymnal.Core.csproj" />
    <Project Path="src/Hymnal/Hymnal.csproj" />
  </Folder>
  <Folder Name="/tests/">
    <Project Path="tests/Hymnal.Core.Tests/Hymnal.Core.Tests.csproj" />
  </Folder>
</Solution>
